// !$*UTF8*$!
{
	archiveVersion = 1;
	classes = {
	};
	objectVersion = 48;
	objects = {

/* Begin PBXBuildFile section */
		4BB682BEE6B8C2CDF647A29A /* Pods_TheCoordinator.framework in Frameworks */ = {isa = PBXBuildFile; fileRef = 0932DEF595F594D33F10352D /* Pods_TheCoordinator.framework */; };
		912D4A5B2033480F00339D58 /* AppDelegate.swift in Sources */ = {isa = PBXBuildFile; fileRef = 912D4A5A2033480F00339D58 /* AppDelegate.swift */; };
		912D4A602033480F00339D58 /* Main.storyboard in Resources */ = {isa = PBXBuildFile; fileRef = 912D4A5E2033480F00339D58 /* Main.storyboard */; };
		912D4A622033480F00339D58 /* Assets.xcassets in Resources */ = {isa = PBXBuildFile; fileRef = 912D4A612033480F00339D58 /* Assets.xcassets */; };
		912D4A652033480F00339D58 /* LaunchScreen.storyboard in Resources */ = {isa = PBXBuildFile; fileRef = 912D4A632033480F00339D58 /* LaunchScreen.storyboard */; };
		912D4A6E2033489500339D58 /* RootViewCoordinator.swift in Sources */ = {isa = PBXBuildFile; fileRef = 912D4A6D2033489500339D58 /* RootViewCoordinator.swift */; };
		912D4A70203348FD00339D58 /* Coordinator.swift in Sources */ = {isa = PBXBuildFile; fileRef = 912D4A6F203348FD00339D58 /* Coordinator.swift */; };
		912D4A732033497D00339D58 /* Services.swift in Sources */ = {isa = PBXBuildFile; fileRef = 912D4A722033497D00339D58 /* Services.swift */; };
		912D4A7520334A0B00339D58 /* AppCoordinator.swift in Sources */ = {isa = PBXBuildFile; fileRef = 912D4A7420334A0B00339D58 /* AppCoordinator.swift */; };
		912D4A78203351F000339D58 /* SplashViewController.swift in Sources */ = {isa = PBXBuildFile; fileRef = 912D4A77203351F000339D58 /* SplashViewController.swift */; };
		91643B1B2034365A00FDCF3C /* StoryboardLoadable.swift in Sources */ = {isa = PBXBuildFile; fileRef = 91643B1A2034365A00FDCF3C /* StoryboardLoadable.swift */; };
		91643B1D2034665800FDCF3C /* NewOrderCoordinator.swift in Sources */ = {isa = PBXBuildFile; fileRef = 91643B1C2034665800FDCF3C /* NewOrderCoordinator.swift */; };
		91643B2120346E4800FDCF3C /* ColorsTableViewController.swift in Sources */ = {isa = PBXBuildFile; fileRef = 91643B2020346E4800FDCF3C /* ColorsTableViewController.swift */; };
		91C73F282034994B009EEFAA /* NameViewController.swift in Sources */ = {isa = PBXBuildFile; fileRef = 91643B22203490F900FDCF3C /* NameViewController.swift */; };
/* End PBXBuildFile section */

/* Begin PBXFileReference section */
		0932DEF595F594D33F10352D /* Pods_TheCoordinator.framework */ = {isa = PBXFileReference; explicitFileType = wrapper.framework; includeInIndex = 0; path = Pods_TheCoordinator.framework; sourceTree = BUILT_PRODUCTS_DIR; };
		8758175E357FD2F9E2EC5942 /* Pods-TheCoordinator.debug.xcconfig */ = {isa = PBXFileReference; includeInIndex = 1; lastKnownFileType = text.xcconfig; name = "Pods-TheCoordinator.debug.xcconfig"; path = "Pods/Target Support Files/Pods-TheCoordinator/Pods-TheCoordinator.debug.xcconfig"; sourceTree = "<group>"; };
		912D4A572033480F00339D58 /* TheCoordinator.app */ = {isa = PBXFileReference; explicitFileType = wrapper.application; includeInIndex = 0; path = TheCoordinator.app; sourceTree = BUILT_PRODUCTS_DIR; };
		912D4A5A2033480F00339D58 /* AppDelegate.swift */ = {isa = PBXFileReference; lastKnownFileType = sourcecode.swift; path = AppDelegate.swift; sourceTree = "<group>"; };
		912D4A5F2033480F00339D58 /* Base */ = {isa = PBXFileReference; lastKnownFileType = file.storyboard; name = Base; path = Base.lproj/Main.storyboard; sourceTree = "<group>"; };
		912D4A612033480F00339D58 /* Assets.xcassets */ = {isa = PBXFileReference; lastKnownFileType = folder.assetcatalog; path = Assets.xcassets; sourceTree = "<group>"; };
		912D4A642033480F00339D58 /* Base */ = {isa = PBXFileReference; lastKnownFileType = file.storyboard; name = Base; path = Base.lproj/LaunchScreen.storyboard; sourceTree = "<group>"; };
		912D4A662033480F00339D58 /* Info.plist */ = {isa = PBXFileReference; lastKnownFileType = text.plist.xml; path = Info.plist; sourceTree = "<group>"; };
		912D4A6D2033489500339D58 /* RootViewCoordinator.swift */ = {isa = PBXFileReference; lastKnownFileType = sourcecode.swift; path = RootViewCoordinator.swift; sourceTree = "<group>"; };
		912D4A6F203348FD00339D58 /* Coordinator.swift */ = {isa = PBXFileReference; lastKnownFileType = sourcecode.swift; path = Coordinator.swift; sourceTree = "<group>"; };
		912D4A722033497D00339D58 /* Services.swift */ = {isa = PBXFileReference; lastKnownFileType = sourcecode.swift; path = Services.swift; sourceTree = "<group>"; };
		912D4A7420334A0B00339D58 /* AppCoordinator.swift */ = {isa = PBXFileReference; lastKnownFileType = sourcecode.swift; path = AppCoordinator.swift; sourceTree = "<group>"; };
		912D4A77203351F000339D58 /* SplashViewController.swift */ = {isa = PBXFileReference; lastKnownFileType = sourcecode.swift; path = SplashViewController.swift; sourceTree = "<group>"; };
		91643B1A2034365A00FDCF3C /* StoryboardLoadable.swift */ = {isa = PBXFileReference; lastKnownFileType = sourcecode.swift; path = StoryboardLoadable.swift; sourceTree = "<group>"; };
		91643B1C2034665800FDCF3C /* NewOrderCoordinator.swift */ = {isa = PBXFileReference; lastKnownFileType = sourcecode.swift; path = NewOrderCoordinator.swift; sourceTree = "<group>"; };
		91643B2020346E4800FDCF3C /* ColorsTableViewController.swift */ = {isa = PBXFileReference; lastKnownFileType = sourcecode.swift; path = ColorsTableViewController.swift; sourceTree = "<group>"; };
		91643B22203490F900FDCF3C /* NameViewController.swift */ = {isa = PBXFileReference; lastKnownFileType = sourcecode.swift; path = NameViewController.swift; sourceTree = "<group>"; };
		F0D85DE625C2952B1819C506 /* Pods-TheCoordinator.release.xcconfig */ = {isa = PBXFileReference; includeInIndex = 1; lastKnownFileType = text.xcconfig; name = "Pods-TheCoordinator.release.xcconfig"; path = "Pods/Target Support Files/Pods-TheCoordinator/Pods-TheCoordinator.release.xcconfig"; sourceTree = "<group>"; };
/* End PBXFileReference section */

/* Begin PBXFrameworksBuildPhase section */
		912D4A542033480F00339D58 /* Frameworks */ = {
			isa = PBXFrameworksBuildPhase;
			buildActionMask = 2147483647;
			files = (
				4BB682BEE6B8C2CDF647A29A /* Pods_TheCoordinator.framework in Frameworks */,
			);
			runOnlyForDeploymentPostprocessing = 0;
		};
/* End PBXFrameworksBuildPhase section */

/* Begin PBXGroup section */
		3DA64E44D9A097F72BEC15C7 /* Pods */ = {
			isa = PBXGroup;
			children = (
				8758175E357FD2F9E2EC5942 /* Pods-TheCoordinator.debug.xcconfig */,
				F0D85DE625C2952B1819C506 /* Pods-TheCoordinator.release.xcconfig */,
			);
			name = Pods;
			sourceTree = "<group>";
		};
		89DEDD0C4C3370C6EE723656 /* Frameworks */ = {
			isa = PBXGroup;
			children = (
				0932DEF595F594D33F10352D /* Pods_TheCoordinator.framework */,
			);
			name = Frameworks;
			sourceTree = "<group>";
		};
		912D4A4E2033480F00339D58 = {
			isa = PBXGroup;
			children = (
				912D4A592033480F00339D58 /* TheCoordinator */,
				912D4A582033480F00339D58 /* Products */,
				3DA64E44D9A097F72BEC15C7 /* Pods */,
				89DEDD0C4C3370C6EE723656 /* Frameworks */,
			);
			sourceTree = "<group>";
		};
		912D4A582033480F00339D58 /* Products */ = {
			isa = PBXGroup;
			children = (
				912D4A572033480F00339D58 /* TheCoordinator.app */,
			);
			name = Products;
			sourceTree = "<group>";
		};
		912D4A592033480F00339D58 /* TheCoordinator */ = {
			isa = PBXGroup;
			children = (
				912D4A5A2033480F00339D58 /* AppDelegate.swift */,
				91643B192034364F00FDCF3C /* Helpers */,
				912D4A76203351DD00339D58 /* ViewControllers */,
				912D4A712033497200339D58 /* Core */,
				912D4A6C2033486B00339D58 /* Coordinators */,
				912D4A5E2033480F00339D58 /* Main.storyboard */,
				912D4A612033480F00339D58 /* Assets.xcassets */,
				912D4A632033480F00339D58 /* LaunchScreen.storyboard */,
				912D4A662033480F00339D58 /* Info.plist */,
			);
			path = TheCoordinator;
			sourceTree = "<group>";
		};
		912D4A6C2033486B00339D58 /* Coordinators */ = {
			isa = PBXGroup;
			children = (
				912D4A7420334A0B00339D58 /* AppCoordinator.swift */,
				912D4A6F203348FD00339D58 /* Coordinator.swift */,
				912D4A6D2033489500339D58 /* RootViewCoordinator.swift */,
				91643B1C2034665800FDCF3C /* NewOrderCoordinator.swift */,
			);
			path = Coordinators;
			sourceTree = "<group>";
		};
		912D4A712033497200339D58 /* Core */ = {
			isa = PBXGroup;
			children = (
				912D4A722033497D00339D58 /* Services.swift */,
			);
			path = Core;
			sourceTree = "<group>";
		};
		912D4A76203351DD00339D58 /* ViewControllers */ = {
			isa = PBXGroup;
			children = (
				912D4A77203351F000339D58 /* SplashViewController.swift */,
				91643B2020346E4800FDCF3C /* ColorsTableViewController.swift */,
				91643B22203490F900FDCF3C /* NameViewController.swift */,
			);
			path = ViewControllers;
			sourceTree = "<group>";
		};
		91643B192034364F00FDCF3C /* Helpers */ = {
			isa = PBXGroup;
			children = (
				91643B1A2034365A00FDCF3C /* StoryboardLoadable.swift */,
			);
			path = Helpers;
			sourceTree = "<group>";
		};
/* End PBXGroup section */

/* Begin PBXNativeTarget section */
		912D4A562033480F00339D58 /* TheCoordinator */ = {
			isa = PBXNativeTarget;
			buildConfigurationList = 912D4A692033480F00339D58 /* Build configuration list for PBXNativeTarget "TheCoordinator" */;
			buildPhases = (
				77133AA92F26BCD3613A7DA0 /* [CP] Check Pods Manifest.lock */,
				912D4A532033480F00339D58 /* Sources */,
				912D4A542033480F00339D58 /* Frameworks */,
				912D4A552033480F00339D58 /* Resources */,
				C5E3A43E0D14D6E874A9918C /* [CP] Embed Pods Frameworks */,
				60C13592E21A173F01030D64 /* [CP] Copy Pods Resources */,
				91B01FD520495F8300E26BB3 /* ShellScript */,
			);
			buildRules = (
			);
			dependencies = (
			);
			name = TheCoordinator;
			productName = TheCoordinator;
			productReference = 912D4A572033480F00339D58 /* TheCoordinator.app */;
			productType = "com.apple.product-type.application";
		};
/* End PBXNativeTarget section */

/* Begin PBXProject section */
		912D4A4F2033480F00339D58 /* Project object */ = {
			isa = PBXProject;
			attributes = {
				LastSwiftUpdateCheck = 0920;
				LastUpgradeCheck = 0920;
				ORGANIZATIONNAME = "Antonio Carlos";
				TargetAttributes = {
					912D4A562033480F00339D58 = {
						CreatedOnToolsVersion = 9.2;
						ProvisioningStyle = Manual;
					};
				};
			};
			buildConfigurationList = 912D4A522033480F00339D58 /* Build configuration list for PBXProject "TheCoordinator" */;
			compatibilityVersion = "Xcode 8.0";
			developmentRegion = en;
			hasScannedForEncodings = 0;
			knownRegions = (
				en,
				Base,
			);
			mainGroup = 912D4A4E2033480F00339D58;
			productRefGroup = 912D4A582033480F00339D58 /* Products */;
			projectDirPath = "";
			projectRoot = "";
			targets = (
				912D4A562033480F00339D58 /* TheCoordinator */,
			);
		};
/* End PBXProject section */

/* Begin PBXResourcesBuildPhase section */
		912D4A552033480F00339D58 /* Resources */ = {
			isa = PBXResourcesBuildPhase;
			buildActionMask = 2147483647;
			files = (
				912D4A652033480F00339D58 /* LaunchScreen.storyboard in Resources */,
				912D4A622033480F00339D58 /* Assets.xcassets in Resources */,
				912D4A602033480F00339D58 /* Main.storyboard in Resources */,
			);
			runOnlyForDeploymentPostprocessing = 0;
		};
/* End PBXResourcesBuildPhase section */

/* Begin PBXShellScriptBuildPhase section */
		60C13592E21A173F01030D64 /* [CP] Copy Pods Resources */ = {
			isa = PBXShellScriptBuildPhase;
			buildActionMask = 2147483647;
			files = (
			);
			inputPaths = (
			);
			name = "[CP] Copy Pods Resources";
			outputPaths = (
			);
			runOnlyForDeploymentPostprocessing = 0;
			shellPath = /bin/sh;
			shellScript = "\"${SRCROOT}/Pods/Target Support Files/Pods-TheCoordinator/Pods-TheCoordinator-resources.sh\"\n";
			showEnvVarsInLog = 0;
		};
		77133AA92F26BCD3613A7DA0 /* [CP] Check Pods Manifest.lock */ = {
			isa = PBXShellScriptBuildPhase;
			buildActionMask = 2147483647;
			files = (
			);
			inputPaths = (
				"${PODS_PODFILE_DIR_PATH}/Podfile.lock",
				"${PODS_ROOT}/Manifest.lock",
			);
			name = "[CP] Check Pods Manifest.lock";
			outputPaths = (
				"$(DERIVED_FILE_DIR)/Pods-TheCoordinator-checkManifestLockResult.txt",
			);
			runOnlyForDeploymentPostprocessing = 0;
			shellPath = /bin/sh;
			shellScript = "diff \"${PODS_PODFILE_DIR_PATH}/Podfile.lock\" \"${PODS_ROOT}/Manifest.lock\" > /dev/null\nif [ $? != 0 ] ; then\n    # print error to STDERR\n    echo \"error: The sandbox is not in sync with the Podfile.lock. Run 'pod install' or update your CocoaPods installation.\" >&2\n    exit 1\nfi\n# This output is used by Xcode 'outputs' to avoid re-running this script phase.\necho \"SUCCESS\" > \"${SCRIPT_OUTPUT_FILE_0}\"\n";
			showEnvVarsInLog = 0;
		};
		91B01FD520495F8300E26BB3 /* ShellScript */ = {
			isa = PBXShellScriptBuildPhase;
			buildActionMask = 2147483647;
			files = (
			);
			inputPaths = (
			);
			outputPaths = (
			);
			runOnlyForDeploymentPostprocessing = 0;
			shellPath = /bin/sh;
			shellScript = "\"${PODS_ROOT}/Fabric/run\" 61a669bff277689aedaad8332f5a5a147a225187 3c394e60604af5090fb854549acb55ccf73a007eb2068cb39411227af52d0f92";
		};
		C5E3A43E0D14D6E874A9918C /* [CP] Embed Pods Frameworks */ = {
			isa = PBXShellScriptBuildPhase;
			buildActionMask = 2147483647;
			files = (
			);
			inputPaths = (
			);
			name = "[CP] Embed Pods Frameworks";
			outputPaths = (
			);
			runOnlyForDeploymentPostprocessing = 0;
			shellPath = /bin/sh;
			shellScript = "\"${SRCROOT}/Pods/Target Support Files/Pods-TheCoordinator/Pods-TheCoordinator-frameworks.sh\"\n";
			showEnvVarsInLog = 0;
		};
/* End PBXShellScriptBuildPhase section */

/* Begin PBXSourcesBuildPhase section */
		912D4A532033480F00339D58 /* Sources */ = {
			isa = PBXSourcesBuildPhase;
			buildActionMask = 2147483647;
			files = (
				91643B1B2034365A00FDCF3C /* StoryboardLoadable.swift in Sources */,
				912D4A7520334A0B00339D58 /* AppCoordinator.swift in Sources */,
				912D4A732033497D00339D58 /* Services.swift in Sources */,
				912D4A70203348FD00339D58 /* Coordinator.swift in Sources */,
				91643B1D2034665800FDCF3C /* NewOrderCoordinator.swift in Sources */,
				91643B2120346E4800FDCF3C /* ColorsTableViewController.swift in Sources */,
				912D4A6E2033489500339D58 /* RootViewCoordinator.swift in Sources */,
				912D4A78203351F000339D58 /* SplashViewController.swift in Sources */,
				912D4A5B2033480F00339D58 /* AppDelegate.swift in Sources */,
				91C73F282034994B009EEFAA /* NameViewController.swift in Sources */,
			);
			runOnlyForDeploymentPostprocessing = 0;
		};
/* End PBXSourcesBuildPhase section */

/* Begin PBXVariantGroup section */
		912D4A5E2033480F00339D58 /* Main.storyboard */ = {
			isa = PBXVariantGroup;
			children = (
				912D4A5F2033480F00339D58 /* Base */,
			);
			name = Main.storyboard;
			sourceTree = "<group>";
		};
		912D4A632033480F00339D58 /* LaunchScreen.storyboard */ = {
			isa = PBXVariantGroup;
			children = (
				912D4A642033480F00339D58 /* Base */,
			);
			name = LaunchScreen.storyboard;
			sourceTree = "<group>";
		};
/* End PBXVariantGroup section */

/* Begin XCBuildConfiguration section */
		912D4A672033480F00339D58 /* Debug */ = {
			isa = XCBuildConfiguration;
			buildSettings = {
				ALWAYS_SEARCH_USER_PATHS = NO;
				CLANG_ANALYZER_NONNULL = YES;
				CLANG_ANALYZER_NUMBER_OBJECT_CONVERSION = YES_AGGRESSIVE;
				CLANG_CXX_LANGUAGE_STANDARD = "gnu++14";
				CLANG_CXX_LIBRARY = "libc++";
				CLANG_ENABLE_MODULES = YES;
				CLANG_ENABLE_OBJC_ARC = YES;
				CLANG_WARN_BLOCK_CAPTURE_AUTORELEASING = YES;
				CLANG_WARN_BOOL_CONVERSION = YES;
				CLANG_WARN_COMMA = YES;
				CLANG_WARN_CONSTANT_CONVERSION = YES;
				CLANG_WARN_DIRECT_OBJC_ISA_USAGE = YES_ERROR;
				CLANG_WARN_DOCUMENTATION_COMMENTS = YES;
				CLANG_WARN_EMPTY_BODY = YES;
				CLANG_WARN_ENUM_CONVERSION = YES;
				CLANG_WARN_INFINITE_RECURSION = YES;
				CLANG_WARN_INT_CONVERSION = YES;
				CLANG_WARN_NON_LITERAL_NULL_CONVERSION = YES;
				CLANG_WARN_OBJC_LITERAL_CONVERSION = YES;
				CLANG_WARN_OBJC_ROOT_CLASS = YES_ERROR;
				CLANG_WARN_RANGE_LOOP_ANALYSIS = YES;
				CLANG_WARN_STRICT_PROTOTYPES = YES;
				CLANG_WARN_SUSPICIOUS_MOVE = YES;
				CLANG_WARN_UNGUARDED_AVAILABILITY = YES_AGGRESSIVE;
				CLANG_WARN_UNREACHABLE_CODE = YES;
				CLANG_WARN__DUPLICATE_METHOD_MATCH = YES;
				CODE_SIGN_IDENTITY = "iPhone Developer";
				COPY_PHASE_STRIP = NO;
				DEBUG_INFORMATION_FORMAT = dwarf;
				ENABLE_STRICT_OBJC_MSGSEND = YES;
				ENABLE_TESTABILITY = YES;
				GCC_C_LANGUAGE_STANDARD = gnu11;
				GCC_DYNAMIC_NO_PIC = NO;
				GCC_NO_COMMON_BLOCKS = YES;
				GCC_OPTIMIZATION_LEVEL = 0;
				GCC_PREPROCESSOR_DEFINITIONS = (
					"DEBUG=1",
					"$(inherited)",
				);
				GCC_WARN_64_TO_32_BIT_CONVERSION = YES;
				GCC_WARN_ABOUT_RETURN_TYPE = YES_ERROR;
				GCC_WARN_UNDECLARED_SELECTOR = YES;
				GCC_WARN_UNINITIALIZED_AUTOS = YES_AGGRESSIVE;
				GCC_WARN_UNUSED_FUNCTION = YES;
				GCC_WARN_UNUSED_VARIABLE = YES;
				IPHONEOS_DEPLOYMENT_TARGET = 11.2;
				MTL_ENABLE_DEBUG_INFO = YES;
				ONLY_ACTIVE_ARCH = YES;
				SDKROOT = iphoneos;
				SWIFT_ACTIVE_COMPILATION_CONDITIONS = DEBUG;
				SWIFT_OPTIMIZATION_LEVEL = "-Onone";
			};
			name = Debug;
		};
		912D4A682033480F00339D58 /* Release */ = {
			isa = XCBuildConfiguration;
			buildSettings = {
				ALWAYS_SEARCH_USER_PATHS = NO;
				CLANG_ANALYZER_NONNULL = YES;
				CLANG_ANALYZER_NUMBER_OBJECT_CONVERSION = YES_AGGRESSIVE;
				CLANG_CXX_LANGUAGE_STANDARD = "gnu++14";
				CLANG_CXX_LIBRARY = "libc++";
				CLANG_ENABLE_MODULES = YES;
				CLANG_ENABLE_OBJC_ARC = YES;
				CLANG_WARN_BLOCK_CAPTURE_AUTORELEASING = YES;
				CLANG_WARN_BOOL_CONVERSION = YES;
				CLANG_WARN_COMMA = YES;
				CLANG_WARN_CONSTANT_CONVERSION = YES;
				CLANG_WARN_DIRECT_OBJC_ISA_USAGE = YES_ERROR;
				CLANG_WARN_DOCUMENTATION_COMMENTS = YES;
				CLANG_WARN_EMPTY_BODY = YES;
				CLANG_WARN_ENUM_CONVERSION = YES;
				CLANG_WARN_INFINITE_RECURSION = YES;
				CLANG_WARN_INT_CONVERSION = YES;
				CLANG_WARN_NON_LITERAL_NULL_CONVERSION = YES;
				CLANG_WARN_OBJC_LITERAL_CONVERSION = YES;
				CLANG_WARN_OBJC_ROOT_CLASS = YES_ERROR;
				CLANG_WARN_RANGE_LOOP_ANALYSIS = YES;
				CLANG_WARN_STRICT_PROTOTYPES = YES;
				CLANG_WARN_SUSPICIOUS_MOVE = YES;
				CLANG_WARN_UNGUARDED_AVAILABILITY = YES_AGGRESSIVE;
				CLANG_WARN_UNREACHABLE_CODE = YES;
				CLANG_WARN__DUPLICATE_METHOD_MATCH = YES;
				CODE_SIGN_IDENTITY = "iPhone Developer";
				COPY_PHASE_STRIP = NO;
				DEBUG_INFORMATION_FORMAT = "dwarf-with-dsym";
				ENABLE_NS_ASSERTIONS = NO;
				ENABLE_STRICT_OBJC_MSGSEND = YES;
				GCC_C_LANGUAGE_STANDARD = gnu11;
				GCC_NO_COMMON_BLOCKS = YES;
				GCC_WARN_64_TO_32_BIT_CONVERSION = YES;
				GCC_WARN_ABOUT_RETURN_TYPE = YES_ERROR;
				GCC_WARN_UNDECLARED_SELECTOR = YES;
				GCC_WARN_UNINITIALIZED_AUTOS = YES_AGGRESSIVE;
				GCC_WARN_UNUSED_FUNCTION = YES;
				GCC_WARN_UNUSED_VARIABLE = YES;
				IPHONEOS_DEPLOYMENT_TARGET = 11.2;
				MTL_ENABLE_DEBUG_INFO = NO;
				SDKROOT = iphoneos;
				SWIFT_OPTIMIZATION_LEVEL = "-Owholemodule";
				VALIDATE_PRODUCT = YES;
			};
			name = Release;
		};
		912D4A6A2033480F00339D58 /* Debug */ = {
			isa = XCBuildConfiguration;
			baseConfigurationReference = 8758175E357FD2F9E2EC5942 /* Pods-TheCoordinator.debug.xcconfig */;
			buildSettings = {
				ASSETCATALOG_COMPILER_APPICON_NAME = AppIcon;
				CODE_SIGN_STYLE = Manual;
				CURRENT_PROJECT_VERSION = 30;
				DEVELOPMENT_TEAM = MG2UCY5382;
				INFOPLIST_FILE = TheCoordinator/Info.plist;
				LD_RUNPATH_SEARCH_PATHS = "$(inherited) @executable_path/Frameworks";
				PRODUCT_BUNDLE_IDENTIFIER = br.tntstudios.com.TheCoordinator;
				PRODUCT_NAME = "$(TARGET_NAME)";
				PROVISIONING_PROFILE = "ae53b019-8893-42a6-90ad-57933c60618c";
				PROVISIONING_PROFILE_SPECIFIER = "match Development br.tntstudios.com.TheCoordinator";
				SWIFT_VERSION = 4.0;
				TARGETED_DEVICE_FAMILY = "1,2";
				VERSIONING_SYSTEM = "apple-generic";
			};
			name = Debug;
		};
		912D4A6B2033480F00339D58 /* Release */ = {
			isa = XCBuildConfiguration;
			baseConfigurationReference = F0D85DE625C2952B1819C506 /* Pods-TheCoordinator.release.xcconfig */;
			buildSettings = {
				ASSETCATALOG_COMPILER_APPICON_NAME = AppIcon;
				"CODE_SIGN_IDENTITY[sdk=iphoneos*]" = "iPhone Distribution";
				CODE_SIGN_STYLE = Manual;
				CURRENT_PROJECT_VERSION = 30;
				DEVELOPMENT_TEAM = MG2UCY5382;
				INFOPLIST_FILE = TheCoordinator/Info.plist;
				LD_RUNPATH_SEARCH_PATHS = "$(inherited) @executable_path/Frameworks";
				PRODUCT_BUNDLE_IDENTIFIER = br.tntstudios.com.TheCoordinator;
				PRODUCT_NAME = "$(TARGET_NAME)";
				PROVISIONING_PROFILE = "4147a4d4-0463-4d1f-a38e-79aa9bd2dbbb";
				PROVISIONING_PROFILE_SPECIFIER = "match AppStore br.tntstudios.com.TheCoordinator";
				SWIFT_VERSION = 4.0;
				TARGETED_DEVICE_FAMILY = "1,2";
				VERSIONING_SYSTEM = "apple-generic";
			};
			name = Release;
		};
/* End XCBuildConfiguration section */

/* Begin XCConfigurationList section */
		912D4A522033480F00339D58 /* Build configuration list for PBXProject "TheCoordinator" */ = {
			isa = XCConfigurationList;
			buildConfigurations = (
				912D4A672033480F00339D58 /* Debug */,
				912D4A682033480F00339D58 /* Release */,
			);
			defaultConfigurationIsVisible = 0;
			defaultConfigurationName = Release;
		};
		912D4A692033480F00339D58 /* Build configuration list for PBXNativeTarget "TheCoordinator" */ = {
			isa = XCConfigurationList;
			buildConfigurations = (
				912D4A6A2033480F00339D58 /* Debug */,
				912D4A6B2033480F00339D58 /* Release */,
			);
			defaultConfigurationIsVisible = 0;
			defaultConfigurationName = Release;
		};
/* End XCConfigurationList section */
	};
	rootObject = 912D4A4F2033480F00339D58 /* Project object */;
}
